
Microsoft Visual Studio Solution File, Format Version 12.00
# Visual Studio Version 17
VisualStudioVersion = 17.9.34723.18
MinimumVisualStudioVersion = 10.0.40219.1
Project("{FAE04EC0-301F-11D3-BF4B-00C04F79EFBC}") = "SimpleLogin_by@winixolo", "SimpleLogin_by@winixolo\SimpleLogin_by@winixolo.csproj", "{74C7C8DB-6E41-4CAA-BE65-400DD26F9378}"
EndProject
Global
	GlobalSection(SolutionConfigurationPlatforms) = preSolution
		Debug|Any CPU = Debug|Any CPU
		Release|Any CPU = Release|Any CPU
	EndGlobalSection
	GlobalSection(ProjectConfigurationPlatforms) = postSolution
		{74C7C8DB-6E41-4CAA-BE65-400DD26F9378}.Debug|Any CPU.ActiveCfg = Debug|Any CPU
		{74C7C8DB-6E41-4CAA-BE65-400DD26F9378}.Debug|Any CPU.Build.0 = Debug|Any CPU
		{74C7C8DB-6E41-4CAA-BE65-400DD26F9378}.Release|Any CPU.ActiveCfg = Release|Any CPU
		{74C7C8DB-6E41-4CAA-BE65-400DD26F9378}.Release|Any CPU.Build.0 = Release|Any CPU
	EndGlobalSection
	GlobalSection(SolutionProperties) = preSolution
		HideSolutionNode = FALSE
	EndGlobalSection
	GlobalSection(ExtensibilityGlobals) = postSolution
		SolutionGuid = {0882F2E0-9B95-4260-8596-518E9B298FED}
	EndGlobalSection
EndGlobal
